// !$*UTF8*$!
{
	archiveVersion = 1;
	classes = {
	};
	objectVersion = 50;
	objects = {

/* Begin PBXBuildFile section */
		D90A1FC62382FCD30058828A /* ContainerController.swift in Sources */ = {isa = PBXBuildFile; fileRef = D90A1FC52382FCD30058828A /* ContainerController.swift */; };
		D90A1FC82382FD890058828A /* SideMenuController.swift in Sources */ = {isa = PBXBuildFile; fileRef = D90A1FC72382FD890058828A /* SideMenuController.swift */; };
		D90A1FCB238319E40058828A /* Protocols.swift in Sources */ = {isa = PBXBuildFile; fileRef = D90A1FCA238319E40058828A /* Protocols.swift */; };
		D90F7ED82384630600A8DB7D /* Extentions.swift in Sources */ = {isa = PBXBuildFile; fileRef = D90F7ED72384630600A8DB7D /* Extentions.swift */; };
		D983122B2385B1E100199788 /* PageController.swift in Sources */ = {isa = PBXBuildFile; fileRef = D983122A2385B1E100199788 /* PageController.swift */; };
		D983122D2385B35F00199788 /* Variables.swift in Sources */ = {isa = PBXBuildFile; fileRef = D983122C2385B35F00199788 /* Variables.swift */; };
		D9DE34152381F9BF00D7DF99 /* AlleGebiedenPage.swift in Sources */ = {isa = PBXBuildFile; fileRef = D9DE34102381F9BF00D7DF99 /* AlleGebiedenPage.swift */; };
		D9DE34162381F9BF00D7DF99 /* GeschiedenisPage.swift in Sources */ = {isa = PBXBuildFile; fileRef = D9DE34112381F9BF00D7DF99 /* GeschiedenisPage.swift */; };
		D9DE34172381F9BF00D7DF99 /* MainPage.swift in Sources */ = {isa = PBXBuildFile; fileRef = D9DE34122381F9BF00D7DF99 /* MainPage.swift */; };
		D9DE34192381F9BF00D7DF99 /* SpecificGebiedPage.swift in Sources */ = {isa = PBXBuildFile; fileRef = D9DE34142381F9BF00D7DF99 /* SpecificGebiedPage.swift */; };
		D9DE341B2381FAA600D7DF99 /* MonumentenPage.swift in Sources */ = {isa = PBXBuildFile; fileRef = D9DE341A2381FAA600D7DF99 /* MonumentenPage.swift */; };
		D9DE341E2381FB8C00D7DF99 /* Main.storyboard in Resources */ = {isa = PBXBuildFile; fileRef = D9DE341C2381FB8C00D7DF99 /* Main.storyboard */; };
		D9E1D42723808AB500FDBA2B /* AppDelegate.swift in Sources */ = {isa = PBXBuildFile; fileRef = D9E1D42623808AB500FDBA2B /* AppDelegate.swift */; };
		D9E1D42F23808AB500FDBA2B /* HerdenkingsApp.xcdatamodeld in Sources */ = {isa = PBXBuildFile; fileRef = D9E1D42D23808AB500FDBA2B /* HerdenkingsApp.xcdatamodeld */; };
		D9E1D43123808AB500FDBA2B /* Assets.xcassets in Resources */ = {isa = PBXBuildFile; fileRef = D9E1D43023808AB500FDBA2B /* Assets.xcassets */; };
		D9E1D43423808AB500FDBA2B /* LaunchScreen.storyboard in Resources */ = {isa = PBXBuildFile; fileRef = D9E1D43223808AB500FDBA2B /* LaunchScreen.storyboard */; };
		D9E1D43F23808AB500FDBA2B /* HerdenkingsAppTests.swift in Sources */ = {isa = PBXBuildFile; fileRef = D9E1D43E23808AB500FDBA2B /* HerdenkingsAppTests.swift */; };
		D9E1D44A23808AB500FDBA2B /* HerdenkingsAppUITests.swift in Sources */ = {isa = PBXBuildFile; fileRef = D9E1D44923808AB500FDBA2B /* HerdenkingsAppUITests.swift */; };
/* End PBXBuildFile section */

/* Begin PBXContainerItemProxy section */
		D9E1D43B23808AB500FDBA2B /* PBXContainerItemProxy */ = {
			isa = PBXContainerItemProxy;
			containerPortal = D9E1D41B23808AB500FDBA2B /* Project object */;
			proxyType = 1;
			remoteGlobalIDString = D9E1D42223808AB500FDBA2B;
			remoteInfo = HerdenkingsApp;
		};
		D9E1D44623808AB500FDBA2B /* PBXContainerItemProxy */ = {
			isa = PBXContainerItemProxy;
			containerPortal = D9E1D41B23808AB500FDBA2B /* Project object */;
			proxyType = 1;
			remoteGlobalIDString = D9E1D42223808AB500FDBA2B;
			remoteInfo = HerdenkingsApp;
		};
/* End PBXContainerItemProxy section */

/* Begin PBXFileReference section */
		D90A1FC52382FCD30058828A /* ContainerController.swift */ = {isa = PBXFileReference; lastKnownFileType = sourcecode.swift; path = ContainerController.swift; sourceTree = "<group>"; };
		D90A1FC72382FD890058828A /* SideMenuController.swift */ = {isa = PBXFileReference; lastKnownFileType = sourcecode.swift; path = SideMenuController.swift; sourceTree = "<group>"; };
		D90A1FCA238319E40058828A /* Protocols.swift */ = {isa = PBXFileReference; lastKnownFileType = sourcecode.swift; path = Protocols.swift; sourceTree = "<group>"; };
		D90F7ED72384630600A8DB7D /* Extentions.swift */ = {isa = PBXFileReference; lastKnownFileType = sourcecode.swift; path = Extentions.swift; sourceTree = "<group>"; };
		D983122A2385B1E100199788 /* PageController.swift */ = {isa = PBXFileReference; lastKnownFileType = sourcecode.swift; path = PageController.swift; sourceTree = "<group>"; };
		D983122C2385B35F00199788 /* Variables.swift */ = {isa = PBXFileReference; lastKnownFileType = sourcecode.swift; path = Variables.swift; sourceTree = "<group>"; };
		D9DE34102381F9BF00D7DF99 /* AlleGebiedenPage.swift */ = {isa = PBXFileReference; fileEncoding = 4; lastKnownFileType = sourcecode.swift; path = AlleGebiedenPage.swift; sourceTree = "<group>"; };
		D9DE34112381F9BF00D7DF99 /* GeschiedenisPage.swift */ = {isa = PBXFileReference; fileEncoding = 4; lastKnownFileType = sourcecode.swift; path = GeschiedenisPage.swift; sourceTree = "<group>"; };
		D9DE34122381F9BF00D7DF99 /* MainPage.swift */ = {isa = PBXFileReference; fileEncoding = 4; lastKnownFileType = sourcecode.swift; path = MainPage.swift; sourceTree = "<group>"; };
		D9DE34142381F9BF00D7DF99 /* SpecificGebiedPage.swift */ = {isa = PBXFileReference; fileEncoding = 4; lastKnownFileType = sourcecode.swift; path = SpecificGebiedPage.swift; sourceTree = "<group>"; };
		D9DE341A2381FAA600D7DF99 /* MonumentenPage.swift */ = {isa = PBXFileReference; lastKnownFileType = sourcecode.swift; path = MonumentenPage.swift; sourceTree = "<group>"; };
		D9DE341D2381FB8C00D7DF99 /* Base */ = {isa = PBXFileReference; lastKnownFileType = file.storyboard; name = Base; path = Base.lproj/Main.storyboard; sourceTree = "<group>"; };
		D9E1D42323808AB500FDBA2B /* HerdenkingsApp.app */ = {isa = PBXFileReference; explicitFileType = wrapper.application; includeInIndex = 0; path = HerdenkingsApp.app; sourceTree = BUILT_PRODUCTS_DIR; };
		D9E1D42623808AB500FDBA2B /* AppDelegate.swift */ = {isa = PBXFileReference; lastKnownFileType = sourcecode.swift; path = AppDelegate.swift; sourceTree = "<group>"; };
		D9E1D42E23808AB500FDBA2B /* HerdenkingsApp.xcdatamodel */ = {isa = PBXFileReference; lastKnownFileType = wrapper.xcdatamodel; path = HerdenkingsApp.xcdatamodel; sourceTree = "<group>"; };
		D9E1D43023808AB500FDBA2B /* Assets.xcassets */ = {isa = PBXFileReference; lastKnownFileType = folder.assetcatalog; path = Assets.xcassets; sourceTree = "<group>"; };
		D9E1D43323808AB500FDBA2B /* Base */ = {isa = PBXFileReference; lastKnownFileType = file.storyboard; name = Base; path = Base.lproj/LaunchScreen.storyboard; sourceTree = "<group>"; };
		D9E1D43523808AB500FDBA2B /* Info.plist */ = {isa = PBXFileReference; lastKnownFileType = text.plist.xml; path = Info.plist; sourceTree = "<group>"; };
		D9E1D43A23808AB500FDBA2B /* HerdenkingsAppTests.xctest */ = {isa = PBXFileReference; explicitFileType = wrapper.cfbundle; includeInIndex = 0; path = HerdenkingsAppTests.xctest; sourceTree = BUILT_PRODUCTS_DIR; };
		D9E1D43E23808AB500FDBA2B /* HerdenkingsAppTests.swift */ = {isa = PBXFileReference; lastKnownFileType = sourcecode.swift; path = HerdenkingsAppTests.swift; sourceTree = "<group>"; };
		D9E1D44023808AB500FDBA2B /* Info.plist */ = {isa = PBXFileReference; lastKnownFileType = text.plist.xml; path = Info.plist; sourceTree = "<group>"; };
		D9E1D44523808AB500FDBA2B /* HerdenkingsAppUITests.xctest */ = {isa = PBXFileReference; explicitFileType = wrapper.cfbundle; includeInIndex = 0; path = HerdenkingsAppUITests.xctest; sourceTree = BUILT_PRODUCTS_DIR; };
		D9E1D44923808AB500FDBA2B /* HerdenkingsAppUITests.swift */ = {isa = PBXFileReference; lastKnownFileType = sourcecode.swift; path = HerdenkingsAppUITests.swift; sourceTree = "<group>"; };
		D9E1D44B23808AB500FDBA2B /* Info.plist */ = {isa = PBXFileReference; lastKnownFileType = text.plist.xml; path = Info.plist; sourceTree = "<group>"; };
/* End PBXFileReference section */

/* Begin PBXFrameworksBuildPhase section */
		D9E1D42023808AB500FDBA2B /* Frameworks */ = {
			isa = PBXFrameworksBuildPhase;
			buildActionMask = 2147483647;
			files = (
			);
			runOnlyForDeploymentPostprocessing = 0;
		};
		D9E1D43723808AB500FDBA2B /* Frameworks */ = {
			isa = PBXFrameworksBuildPhase;
			buildActionMask = 2147483647;
			files = (
			);
			runOnlyForDeploymentPostprocessing = 0;
		};
		D9E1D44223808AB500FDBA2B /* Frameworks */ = {
			isa = PBXFrameworksBuildPhase;
			buildActionMask = 2147483647;
			files = (
			);
			runOnlyForDeploymentPostprocessing = 0;
		};
/* End PBXFrameworksBuildPhase section */

/* Begin PBXGroup section */
		D90A1FC42382FCB60058828A /* Controllers */ = {
			isa = PBXGroup;
			children = (
				D90A1FC52382FCD30058828A /* ContainerController.swift */,
				D90A1FC72382FD890058828A /* SideMenuController.swift */,
				D983122A2385B1E100199788 /* PageController.swift */,
			);
			path = Controllers;
			sourceTree = "<group>";
		};
		D90A1FC9238319CD0058828A /* Utils */ = {
			isa = PBXGroup;
			children = (
				D90F7ED72384630600A8DB7D /* Extentions.swift */,
				D90A1FCA238319E40058828A /* Protocols.swift */,
				D983122C2385B35F00199788 /* Variables.swift */,
			);
			path = Utils;
			sourceTree = "<group>";
		};
		D9DE340F2381F9BF00D7DF99 /* Pages */ = {
			isa = PBXGroup;
			children = (
				D9DE34122381F9BF00D7DF99 /* MainPage.swift */,
				D9DE34102381F9BF00D7DF99 /* AlleGebiedenPage.swift */,
				D9DE34142381F9BF00D7DF99 /* SpecificGebiedPage.swift */,
				D9DE341A2381FAA600D7DF99 /* MonumentenPage.swift */,
				D9DE34112381F9BF00D7DF99 /* GeschiedenisPage.swift */,
			);
			path = Pages;
			sourceTree = "<group>";
		};
		D9E1D41A23808AB500FDBA2B = {
			isa = PBXGroup;
			children = (
				D9E1D42523808AB500FDBA2B /* HerdenkingsApp */,
				D9E1D43D23808AB500FDBA2B /* HerdenkingsAppTests */,
				D9E1D44823808AB500FDBA2B /* HerdenkingsAppUITests */,
				D9E1D42423808AB500FDBA2B /* Products */,
			);
			sourceTree = "<group>";
		};
		D9E1D42423808AB500FDBA2B /* Products */ = {
			isa = PBXGroup;
			children = (
				D9E1D42323808AB500FDBA2B /* HerdenkingsApp.app */,
				D9E1D43A23808AB500FDBA2B /* HerdenkingsAppTests.xctest */,
				D9E1D44523808AB500FDBA2B /* HerdenkingsAppUITests.xctest */,
			);
			name = Products;
			sourceTree = "<group>";
		};
		D9E1D42523808AB500FDBA2B /* HerdenkingsApp */ = {
			isa = PBXGroup;
			children = (
				D90A1FC9238319CD0058828A /* Utils */,
				D90A1FC42382FCB60058828A /* Controllers */,
				D9DE340F2381F9BF00D7DF99 /* Pages */,
				D9E1D42623808AB500FDBA2B /* AppDelegate.swift */,
				D9DE341C2381FB8C00D7DF99 /* Main.storyboard */,
				D9E1D43023808AB500FDBA2B /* Assets.xcassets */,
				D9E1D43223808AB500FDBA2B /* LaunchScreen.storyboard */,
				D9E1D43523808AB500FDBA2B /* Info.plist */,
				D9E1D42D23808AB500FDBA2B /* HerdenkingsApp.xcdatamodeld */,
			);
			path = HerdenkingsApp;
			sourceTree = "<group>";
		};
		D9E1D43D23808AB500FDBA2B /* HerdenkingsAppTests */ = {
			isa = PBXGroup;
			children = (
				D9E1D43E23808AB500FDBA2B /* HerdenkingsAppTests.swift */,
				D9E1D44023808AB500FDBA2B /* Info.plist */,
			);
			path = HerdenkingsAppTests;
			sourceTree = "<group>";
		};
		D9E1D44823808AB500FDBA2B /* HerdenkingsAppUITests */ = {
			isa = PBXGroup;
			children = (
				D9E1D44923808AB500FDBA2B /* HerdenkingsAppUITests.swift */,
				D9E1D44B23808AB500FDBA2B /* Info.plist */,
			);
			path = HerdenkingsAppUITests;
			sourceTree = "<group>";
		};
/* End PBXGroup section */

/* Begin PBXNativeTarget section */
		D9E1D42223808AB500FDBA2B /* HerdenkingsApp */ = {
			isa = PBXNativeTarget;
			buildConfigurationList = D9E1D44E23808AB500FDBA2B /* Build configuration list for PBXNativeTarget "HerdenkingsApp" */;
			buildPhases = (
				D9E1D41F23808AB500FDBA2B /* Sources */,
				D9E1D42023808AB500FDBA2B /* Frameworks */,
				D9E1D42123808AB500FDBA2B /* Resources */,
			);
			buildRules = (
			);
			dependencies = (
			);
			name = HerdenkingsApp;
			productName = HerdenkingsApp;
			productReference = D9E1D42323808AB500FDBA2B /* HerdenkingsApp.app */;
			productType = "com.apple.product-type.application";
		};
		D9E1D43923808AB500FDBA2B /* HerdenkingsAppTests */ = {
			isa = PBXNativeTarget;
			buildConfigurationList = D9E1D45123808AB500FDBA2B /* Build configuration list for PBXNativeTarget "HerdenkingsAppTests" */;
			buildPhases = (
				D9E1D43623808AB500FDBA2B /* Sources */,
				D9E1D43723808AB500FDBA2B /* Frameworks */,
				D9E1D43823808AB500FDBA2B /* Resources */,
			);
			buildRules = (
			);
			dependencies = (
				D9E1D43C23808AB500FDBA2B /* PBXTargetDependency */,
			);
			name = HerdenkingsAppTests;
			productName = HerdenkingsAppTests;
			productReference = D9E1D43A23808AB500FDBA2B /* HerdenkingsAppTests.xctest */;
			productType = "com.apple.product-type.bundle.unit-test";
		};
		D9E1D44423808AB500FDBA2B /* HerdenkingsAppUITests */ = {
			isa = PBXNativeTarget;
			buildConfigurationList = D9E1D45423808AB500FDBA2B /* Build configuration list for PBXNativeTarget "HerdenkingsAppUITests" */;
			buildPhases = (
				D9E1D44123808AB500FDBA2B /* Sources */,
				D9E1D44223808AB500FDBA2B /* Frameworks */,
				D9E1D44323808AB500FDBA2B /* Resources */,
			);
			buildRules = (
			);
			dependencies = (
				D9E1D44723808AB500FDBA2B /* PBXTargetDependency */,
			);
			name = HerdenkingsAppUITests;
			productName = HerdenkingsAppUITests;
			productReference = D9E1D44523808AB500FDBA2B /* HerdenkingsAppUITests.xctest */;
			productType = "com.apple.product-type.bundle.ui-testing";
		};
/* End PBXNativeTarget section */

/* Begin PBXProject section */
		D9E1D41B23808AB500FDBA2B /* Project object */ = {
			isa = PBXProject;
			attributes = {
				LastSwiftUpdateCheck = 0940;
				LastUpgradeCheck = 0940;
				ORGANIZATIONNAME = "Stef Halmans";
				TargetAttributes = {
					D9E1D42223808AB500FDBA2B = {
						CreatedOnToolsVersion = 9.4.1;
					};
					D9E1D43923808AB500FDBA2B = {
						CreatedOnToolsVersion = 9.4.1;
						TestTargetID = D9E1D42223808AB500FDBA2B;
					};
					D9E1D44423808AB500FDBA2B = {
						CreatedOnToolsVersion = 9.4.1;
						TestTargetID = D9E1D42223808AB500FDBA2B;
					};
				};
			};
			buildConfigurationList = D9E1D41E23808AB500FDBA2B /* Build configuration list for PBXProject "HerdenkingsApp" */;
			compatibilityVersion = "Xcode 9.3";
			developmentRegion = en;
			hasScannedForEncodings = 0;
			knownRegions = (
				en,
				Base,
			);
			mainGroup = D9E1D41A23808AB500FDBA2B;
			productRefGroup = D9E1D42423808AB500FDBA2B /* Products */;
			projectDirPath = "";
			projectRoot = "";
			targets = (
				D9E1D42223808AB500FDBA2B /* HerdenkingsApp */,
				D9E1D43923808AB500FDBA2B /* HerdenkingsAppTests */,
				D9E1D44423808AB500FDBA2B /* HerdenkingsAppUITests */,
			);
		};
/* End PBXProject section */

/* Begin PBXResourcesBuildPhase section */
		D9E1D42123808AB500FDBA2B /* Resources */ = {
			isa = PBXResourcesBuildPhase;
			buildActionMask = 2147483647;
			files = (
				D9DE341E2381FB8C00D7DF99 /* Main.storyboard in Resources */,
				D9E1D43423808AB500FDBA2B /* LaunchScreen.storyboard in Resources */,
				D9E1D43123808AB500FDBA2B /* Assets.xcassets in Resources */,
			);
			runOnlyForDeploymentPostprocessing = 0;
		};
		D9E1D43823808AB500FDBA2B /* Resources */ = {
			isa = PBXResourcesBuildPhase;
			buildActionMask = 2147483647;
			files = (
			);
			runOnlyForDeploymentPostprocessing = 0;
		};
		D9E1D44323808AB500FDBA2B /* Resources */ = {
			isa = PBXResourcesBuildPhase;
			buildActionMask = 2147483647;
			files = (
			);
			runOnlyForDeploymentPostprocessing = 0;
		};
/* End PBXResourcesBuildPhase section */

/* Begin PBXSourcesBuildPhase section */
		D9E1D41F23808AB500FDBA2B /* Sources */ = {
			isa = PBXSourcesBuildPhase;
			buildActionMask = 2147483647;
			files = (
				D9DE341B2381FAA600D7DF99 /* MonumentenPage.swift in Sources */,
				D90A1FC82382FD890058828A /* SideMenuController.swift in Sources */,
				D9DE34192381F9BF00D7DF99 /* SpecificGebiedPage.swift in Sources */,
				D90A1FCB238319E40058828A /* Protocols.swift in Sources */,
				D9DE34152381F9BF00D7DF99 /* AlleGebiedenPage.swift in Sources */,
				D90A1FC62382FCD30058828A /* ContainerController.swift in Sources */,
				D90F7ED82384630600A8DB7D /* Extentions.swift in Sources */,
				D983122D2385B35F00199788 /* Variables.swift in Sources */,
				D9DE34162381F9BF00D7DF99 /* GeschiedenisPage.swift in Sources */,
				D983122B2385B1E100199788 /* PageController.swift in Sources */,
				D9E1D42F23808AB500FDBA2B /* HerdenkingsApp.xcdatamodeld in Sources */,
				D9DE34172381F9BF00D7DF99 /* MainPage.swift in Sources */,
				D9E1D42723808AB500FDBA2B /* AppDelegate.swift in Sources */,
			);
			runOnlyForDeploymentPostprocessing = 0;
		};
		D9E1D43623808AB500FDBA2B /* Sources */ = {
			isa = PBXSourcesBuildPhase;
			buildActionMask = 2147483647;
			files = (
				D9E1D43F23808AB500FDBA2B /* HerdenkingsAppTests.swift in Sources */,
			);
			runOnlyForDeploymentPostprocessing = 0;
		};
		D9E1D44123808AB500FDBA2B /* Sources */ = {
			isa = PBXSourcesBuildPhase;
			buildActionMask = 2147483647;
			files = (
				D9E1D44A23808AB500FDBA2B /* HerdenkingsAppUITests.swift in Sources */,
			);
			runOnlyForDeploymentPostprocessing = 0;
		};
/* End PBXSourcesBuildPhase section */

/* Begin PBXTargetDependency section */
		D9E1D43C23808AB500FDBA2B /* PBXTargetDependency */ = {
			isa = PBXTargetDependency;
			target = D9E1D42223808AB500FDBA2B /* HerdenkingsApp */;
			targetProxy = D9E1D43B23808AB500FDBA2B /* PBXContainerItemProxy */;
		};
		D9E1D44723808AB500FDBA2B /* PBXTargetDependency */ = {
			isa = PBXTargetDependency;
			target = D9E1D42223808AB500FDBA2B /* HerdenkingsApp */;
			targetProxy = D9E1D44623808AB500FDBA2B /* PBXContainerItemProxy */;
		};
/* End PBXTargetDependency section */

/* Begin PBXVariantGroup section */
		D9DE341C2381FB8C00D7DF99 /* Main.storyboard */ = {
			isa = PBXVariantGroup;
			children = (
				D9DE341D2381FB8C00D7DF99 /* Base */,
			);
			name = Main.storyboard;
			sourceTree = "<group>";
		};
		D9E1D43223808AB500FDBA2B /* LaunchScreen.storyboard */ = {
			isa = PBXVariantGroup;
			children = (
				D9E1D43323808AB500FDBA2B /* Base */,
			);
			name = LaunchScreen.storyboard;
			sourceTree = "<group>";
		};
/* End PBXVariantGroup section */

/* Begin XCBuildConfiguration section */
		D9E1D44C23808AB500FDBA2B /* Debug */ = {
			isa = XCBuildConfiguration;
			buildSettings = {
				ALWAYS_SEARCH_USER_PATHS = NO;
				CLANG_ANALYZER_NONNULL = YES;
				CLANG_ANALYZER_NUMBER_OBJECT_CONVERSION = YES_AGGRESSIVE;
				CLANG_CXX_LANGUAGE_STANDARD = "gnu++14";
				CLANG_CXX_LIBRARY = "libc++";
				CLANG_ENABLE_MODULES = YES;
				CLANG_ENABLE_OBJC_ARC = YES;
				CLANG_ENABLE_OBJC_WEAK = YES;
				CLANG_WARN_BLOCK_CAPTURE_AUTORELEASING = YES;
				CLANG_WARN_BOOL_CONVERSION = YES;
				CLANG_WARN_COMMA = YES;
				CLANG_WARN_CONSTANT_CONVERSION = YES;
				CLANG_WARN_DEPRECATED_OBJC_IMPLEMENTATIONS = YES;
				CLANG_WARN_DIRECT_OBJC_ISA_USAGE = YES_ERROR;
				CLANG_WARN_DOCUMENTATION_COMMENTS = YES;
				CLANG_WARN_EMPTY_BODY = YES;
				CLANG_WARN_ENUM_CONVERSION = YES;
				CLANG_WARN_INFINITE_RECURSION = YES;
				CLANG_WARN_INT_CONVERSION = YES;
				CLANG_WARN_NON_LITERAL_NULL_CONVERSION = YES;
				CLANG_WARN_OBJC_IMPLICIT_RETAIN_SELF = YES;
				CLANG_WARN_OBJC_LITERAL_CONVERSION = YES;
				CLANG_WARN_OBJC_ROOT_CLASS = YES_ERROR;
				CLANG_WARN_RANGE_LOOP_ANALYSIS = YES;
				CLANG_WARN_STRICT_PROTOTYPES = YES;
				CLANG_WARN_SUSPICIOUS_MOVE = YES;
				CLANG_WARN_UNGUARDED_AVAILABILITY = YES_AGGRESSIVE;
				CLANG_WARN_UNREACHABLE_CODE = YES;
				CLANG_WARN__DUPLICATE_METHOD_MATCH = YES;
				CODE_SIGN_IDENTITY = "iPhone Developer";
				COPY_PHASE_STRIP = NO;
				DEBUG_INFORMATION_FORMAT = dwarf;
				ENABLE_STRICT_OBJC_MSGSEND = YES;
				ENABLE_TESTABILITY = YES;
				GCC_C_LANGUAGE_STANDARD = gnu11;
				GCC_DYNAMIC_NO_PIC = NO;
				GCC_NO_COMMON_BLOCKS = YES;
				GCC_OPTIMIZATION_LEVEL = 0;
				GCC_PREPROCESSOR_DEFINITIONS = (
					"DEBUG=1",
					"$(inherited)",
				);
				GCC_WARN_64_TO_32_BIT_CONVERSION = YES;
				GCC_WARN_ABOUT_RETURN_TYPE = YES_ERROR;
				GCC_WARN_UNDECLARED_SELECTOR = YES;
				GCC_WARN_UNINITIALIZED_AUTOS = YES_AGGRESSIVE;
				GCC_WARN_UNUSED_FUNCTION = YES;
				GCC_WARN_UNUSED_VARIABLE = YES;
				IPHONEOS_DEPLOYMENT_TARGET = 11.4;
				MTL_ENABLE_DEBUG_INFO = YES;
				ONLY_ACTIVE_ARCH = YES;
				SDKROOT = iphoneos;
				SWIFT_ACTIVE_COMPILATION_CONDITIONS = DEBUG;
				SWIFT_OPTIMIZATION_LEVEL = "-Onone";
			};
			name = Debug;
		};
		D9E1D44D23808AB500FDBA2B /* Release */ = {
			isa = XCBuildConfiguration;
			buildSettings = {
				ALWAYS_SEARCH_USER_PATHS = NO;
				CLANG_ANALYZER_NONNULL = YES;
				CLANG_ANALYZER_NUMBER_OBJECT_CONVERSION = YES_AGGRESSIVE;
				CLANG_CXX_LANGUAGE_STANDARD = "gnu++14";
				CLANG_CXX_LIBRARY = "libc++";
				CLANG_ENABLE_MODULES = YES;
				CLANG_ENABLE_OBJC_ARC = YES;
				CLANG_ENABLE_OBJC_WEAK = YES;
				CLANG_WARN_BLOCK_CAPTURE_AUTORELEASING = YES;
				CLANG_WARN_BOOL_CONVERSION = YES;
				CLANG_WARN_COMMA = YES;
				CLANG_WARN_CONSTANT_CONVERSION = YES;
				CLANG_WARN_DEPRECATED_OBJC_IMPLEMENTATIONS = YES;
				CLANG_WARN_DIRECT_OBJC_ISA_USAGE = YES_ERROR;
				CLANG_WARN_DOCUMENTATION_COMMENTS = YES;
				CLANG_WARN_EMPTY_BODY = YES;
				CLANG_WARN_ENUM_CONVERSION = YES;
				CLANG_WARN_INFINITE_RECURSION = YES;
				CLANG_WARN_INT_CONVERSION = YES;
				CLANG_WARN_NON_LITERAL_NULL_CONVERSION = YES;
				CLANG_WARN_OBJC_IMPLICIT_RETAIN_SELF = YES;
				CLANG_WARN_OBJC_LITERAL_CONVERSION = YES;
				CLANG_WARN_OBJC_ROOT_CLASS = YES_ERROR;
				CLANG_WARN_RANGE_LOOP_ANALYSIS = YES;
				CLANG_WARN_STRICT_PROTOTYPES = YES;
				CLANG_WARN_SUSPICIOUS_MOVE = YES;
				CLANG_WARN_UNGUARDED_AVAILABILITY = YES_AGGRESSIVE;
				CLANG_WARN_UNREACHABLE_CODE = YES;
				CLANG_WARN__DUPLICATE_METHOD_MATCH = YES;
				CODE_SIGN_IDENTITY = "iPhone Developer";
				COPY_PHASE_STRIP = NO;
				DEBUG_INFORMATION_FORMAT = "dwarf-with-dsym";
				ENABLE_NS_ASSERTIONS = NO;
				ENABLE_STRICT_OBJC_MSGSEND = YES;
				GCC_C_LANGUAGE_STANDARD = gnu11;
				GCC_NO_COMMON_BLOCKS = YES;
				GCC_WARN_64_TO_32_BIT_CONVERSION = YES;
				GCC_WARN_ABOUT_RETURN_TYPE = YES_ERROR;
				GCC_WARN_UNDECLARED_SELECTOR = YES;
				GCC_WARN_UNINITIALIZED_AUTOS = YES_AGGRESSIVE;
				GCC_WARN_UNUSED_FUNCTION = YES;
				GCC_WARN_UNUSED_VARIABLE = YES;
				IPHONEOS_DEPLOYMENT_TARGET = 11.4;
				MTL_ENABLE_DEBUG_INFO = NO;
				SDKROOT = iphoneos;
				SWIFT_COMPILATION_MODE = wholemodule;
				SWIFT_OPTIMIZATION_LEVEL = "-O";
				VALIDATE_PRODUCT = YES;
			};
			name = Release;
		};
		D9E1D44F23808AB500FDBA2B /* Debug */ = {
			isa = XCBuildConfiguration;
			buildSettings = {
				ASSETCATALOG_COMPILER_APPICON_NAME = AppIcon;
				CODE_SIGN_STYLE = Automatic;
				DEVELOPMENT_TEAM = H9R8377M6W;
				INFOPLIST_FILE = HerdenkingsApp/Info.plist;
				IPHONEOS_DEPLOYMENT_TARGET = 11.2;
				LD_RUNPATH_SEARCH_PATHS = (
					"$(inherited)",
					"@executable_path/Frameworks",
				);
				PRODUCT_BUNDLE_IDENTIFIER = com.StefInc.HerdenkingsApp;
				PRODUCT_NAME = "$(TARGET_NAME)";
				SWIFT_VERSION = 4.0;
				TARGETED_DEVICE_FAMILY = "1,2";
			};
			name = Debug;
		};
		D9E1D45023808AB500FDBA2B /* Release */ = {
			isa = XCBuildConfiguration;
			buildSettings = {
				ASSETCATALOG_COMPILER_APPICON_NAME = AppIcon;
				CODE_SIGN_STYLE = Automatic;
				DEVELOPMENT_TEAM = H9R8377M6W;
				INFOPLIST_FILE = HerdenkingsApp/Info.plist;
				IPHONEOS_DEPLOYMENT_TARGET = 11.2;
				LD_RUNPATH_SEARCH_PATHS = (
					"$(inherited)",
					"@executable_path/Frameworks",
				);
				PRODUCT_BUNDLE_IDENTIFIER = com.StefInc.HerdenkingsApp;
				PRODUCT_NAME = "$(TARGET_NAME)";
				SWIFT_VERSION = 4.0;
				TARGETED_DEVICE_FAMILY = "1,2";
			};
			name = Release;
		};
		D9E1D45223808AB500FDBA2B /* Debug */ = {
			isa = XCBuildConfiguration;
			buildSettings = {
				ALWAYS_EMBED_SWIFT_STANDARD_LIBRARIES = YES;
				BUNDLE_LOADER = "$(TEST_HOST)";
				CODE_SIGN_STYLE = Automatic;
				DEVELOPMENT_TEAM = H9R8377M6W;
				INFOPLIST_FILE = HerdenkingsAppTests/Info.plist;
				LD_RUNPATH_SEARCH_PATHS = (
					"$(inherited)",
					"@executable_path/Frameworks",
					"@loader_path/Frameworks",
				);
				PRODUCT_BUNDLE_IDENTIFIER = com.StefInc.HerdenkingsAppTests;
				PRODUCT_NAME = "$(TARGET_NAME)";
				SWIFT_VERSION = 4.0;
				TARGETED_DEVICE_FAMILY = "1,2";
				TEST_HOST = "$(BUILT_PRODUCTS_DIR)/HerdenkingsApp.app/HerdenkingsApp";
			};
			name = Debug;
		};
		D9E1D45323808AB500FDBA2B /* Release */ = {
			isa = XCBuildConfiguration;
			buildSettings = {
				ALWAYS_EMBED_SWIFT_STANDARD_LIBRARIES = YES;
				BUNDLE_LOADER = "$(TEST_HOST)";
				CODE_SIGN_STYLE = Automatic;
				DEVELOPMENT_TEAM = H9R8377M6W;
				INFOPLIST_FILE = HerdenkingsAppTests/Info.plist;
				LD_RUNPATH_SEARCH_PATHS = (
					"$(inherited)",
					"@executable_path/Frameworks",
					"@loader_path/Frameworks",
				);
				PRODUCT_BUNDLE_IDENTIFIER = com.StefInc.HerdenkingsAppTests;
				PRODUCT_NAME = "$(TARGET_NAME)";
				SWIFT_VERSION = 4.0;
				TARGETED_DEVICE_FAMILY = "1,2";
				TEST_HOST = "$(BUILT_PRODUCTS_DIR)/HerdenkingsApp.app/HerdenkingsApp";
			};
			name = Release;
		};
		D9E1D45523808AB500FDBA2B /* Debug */ = {
			isa = XCBuildConfiguration;
			buildSettings = {
				ALWAYS_EMBED_SWIFT_STANDARD_LIBRARIES = YES;
				CODE_SIGN_STYLE = Automatic;
				DEVELOPMENT_TEAM = H9R8377M6W;
				INFOPLIST_FILE = HerdenkingsAppUITests/Info.plist;
				LD_RUNPATH_SEARCH_PATHS = (
					"$(inherited)",
					"@executable_path/Frameworks",
					"@loader_path/Frameworks",
				);
				PRODUCT_BUNDLE_IDENTIFIER = com.StefInc.HerdenkingsAppUITests;
				PRODUCT_NAME = "$(TARGET_NAME)";
				SWIFT_VERSION = 4.0;
				TARGETED_DEVICE_FAMILY = "1,2";
				TEST_TARGET_NAME = HerdenkingsApp;
			};
			name = Debug;
		};
		D9E1D45623808AB500FDBA2B /* Release */ = {
			isa = XCBuildConfiguration;
			buildSettings = {
				ALWAYS_EMBED_SWIFT_STANDARD_LIBRARIES = YES;
				CODE_SIGN_STYLE = Automatic;
				DEVELOPMENT_TEAM = H9R8377M6W;
				INFOPLIST_FILE = HerdenkingsAppUITests/Info.plist;
				LD_RUNPATH_SEARCH_PATHS = (
					"$(inherited)",
					"@executable_path/Frameworks",
					"@loader_path/Frameworks",
				);
				PRODUCT_BUNDLE_IDENTIFIER = com.StefInc.HerdenkingsAppUITests;
				PRODUCT_NAME = "$(TARGET_NAME)";
				SWIFT_VERSION = 4.0;
				TARGETED_DEVICE_FAMILY = "1,2";
				TEST_TARGET_NAME = HerdenkingsApp;
			};
			name = Release;
		};
/* End XCBuildConfiguration section */

/* Begin XCConfigurationList section */
		D9E1D41E23808AB500FDBA2B /* Build configuration list for PBXProject "HerdenkingsApp" */ = {
			isa = XCConfigurationList;
			buildConfigurations = (
				D9E1D44C23808AB500FDBA2B /* Debug */,
				D9E1D44D23808AB500FDBA2B /* Release */,
			);
			defaultConfigurationIsVisible = 0;
			defaultConfigurationName = Release;
		};
		D9E1D44E23808AB500FDBA2B /* Build configuration list for PBXNativeTarget "HerdenkingsApp" */ = {
			isa = XCConfigurationList;
			buildConfigurations = (
				D9E1D44F23808AB500FDBA2B /* Debug */,
				D9E1D45023808AB500FDBA2B /* Release */,
			);
			defaultConfigurationIsVisible = 0;
			defaultConfigurationName = Release;
		};
		D9E1D45123808AB500FDBA2B /* Build configuration list for PBXNativeTarget "HerdenkingsAppTests" */ = {
			isa = XCConfigurationList;
			buildConfigurations = (
				D9E1D45223808AB500FDBA2B /* Debug */,
				D9E1D45323808AB500FDBA2B /* Release */,
			);
			defaultConfigurationIsVisible = 0;
			defaultConfigurationName = Release;
		};
		D9E1D45423808AB500FDBA2B /* Build configuration list for PBXNativeTarget "HerdenkingsAppUITests" */ = {
			isa = XCConfigurationList;
			buildConfigurations = (
				D9E1D45523808AB500FDBA2B /* Debug */,
				D9E1D45623808AB500FDBA2B /* Release */,
			);
			defaultConfigurationIsVisible = 0;
			defaultConfigurationName = Release;
		};
/* End XCConfigurationList section */

/* Begin XCVersionGroup section */
		D9E1D42D23808AB500FDBA2B /* HerdenkingsApp.xcdatamodeld */ = {
			isa = XCVersionGroup;
			children = (
				D9E1D42E23808AB500FDBA2B /* HerdenkingsApp.xcdatamodel */,
			);
			currentVersion = D9E1D42E23808AB500FDBA2B /* HerdenkingsApp.xcdatamodel */;
			path = HerdenkingsApp.xcdatamodeld;
			sourceTree = "<group>";
			versionGroupType = wrapper.xcdatamodel;
		};
/* End XCVersionGroup section */
	};
	rootObject = D9E1D41B23808AB500FDBA2B /* Project object */;
}
